
Microsoft Visual Studio Solution File, Format Version 12.00
# Visual Studio 15
VisualStudioVersion = 15.0.28010.2016
MinimumVisualStudioVersion = 10.0.40219.1
Project("{FAE04EC0-301F-11D3-BF4B-00C04F79EFBC}") = "NorthwoodElementaryBingo", "NorthwoodElementaryBingo\NorthwoodElementaryBingo.csproj", "{1FBE23D3-4F79-4C18-95B2-DB9DD9821CA0}"
EndProject
Global
	GlobalSection(SolutionConfigurationPlatforms) = preSolution
		Debug|Any CPU = Debug|Any CPU
		Release|Any CPU = Release|Any CPU
	EndGlobalSection
	GlobalSection(ProjectConfigurationPlatforms) = postSolution
		{1FBE23D3-4F79-4C18-95B2-DB9DD9821CA0}.Debug|Any CPU.ActiveCfg = Debug|Any CPU
		{1FBE23D3-4F79-4C18-95B2-DB9DD9821CA0}.Debug|Any CPU.Build.0 = Debug|Any CPU
		{1FBE23D3-4F79-4C18-95B2-DB9DD9821CA0}.Release|Any CPU.ActiveCfg = Release|Any CPU
		{1FBE23D3-4F79-4C18-95B2-DB9DD9821CA0}.Release|Any CPU.Build.0 = Release|Any CPU
	EndGlobalSection
	GlobalSection(SolutionProperties) = preSolution
		HideSolutionNode = FALSE
	EndGlobalSection
	GlobalSection(ExtensibilityGlobals) = postSolution
		SolutionGuid = {6120AAAD-DE95-4F4D-BE92-2DA3ABDCB059}
	EndGlobalSection
EndGlobal
